
Microsoft Visual Studio Solution File, Format Version 11.00
# Visual Studio 2010
Project("{FAE04EC0-301F-11D3-BF4B-00C04F79EFBC}") = "Planets", "com.unity.postprocessing.Runtime.csproj", "{A23651A0-A64C-596F-D90F-FDBB3A26F1E1}"
EndProject
Project("{FAE04EC0-301F-11D3-BF4B-00C04F79EFBC}") = "Planets", "Assembly-CSharp.csproj", "{50138466-B33E-13BF-43AD-2B2A5EF43C8D}"
EndProject
Project("{FAE04EC0-301F-11D3-BF4B-00C04F79EFBC}") = "Planets", "com.unity.postprocessing.Editor.csproj", "{5EB1DF47-2F9A-189B-D20A-39EB9ABE8CFD}"
EndProject
Global
	GlobalSection(SolutionConfigurationPlatforms) = preSolution
		Debug|Any CPU = Debug|Any CPU
		Release|Any CPU = Release|Any CPU
	EndGlobalSection
	GlobalSection(ProjectConfigurationPlatforms) = postSolution
		{A23651A0-A64C-596F-D90F-FDBB3A26F1E1}.Debug|Any CPU.ActiveCfg = Debug|Any CPU
		{A23651A0-A64C-596F-D90F-FDBB3A26F1E1}.Debug|Any CPU.Build.0 = Debug|Any CPU
		{A23651A0-A64C-596F-D90F-FDBB3A26F1E1}.Release|Any CPU.ActiveCfg = Release|Any CPU
		{A23651A0-A64C-596F-D90F-FDBB3A26F1E1}.Release|Any CPU.Build.0 = Release|Any CPU
		{50138466-B33E-13BF-43AD-2B2A5EF43C8D}.Debug|Any CPU.ActiveCfg = Debug|Any CPU
		{50138466-B33E-13BF-43AD-2B2A5EF43C8D}.Debug|Any CPU.Build.0 = Debug|Any CPU
		{50138466-B33E-13BF-43AD-2B2A5EF43C8D}.Release|Any CPU.ActiveCfg = Release|Any CPU
		{50138466-B33E-13BF-43AD-2B2A5EF43C8D}.Release|Any CPU.Build.0 = Release|Any CPU
		{5EB1DF47-2F9A-189B-D20A-39EB9ABE8CFD}.Debug|Any CPU.ActiveCfg = Debug|Any CPU
		{5EB1DF47-2F9A-189B-D20A-39EB9ABE8CFD}.Debug|Any CPU.Build.0 = Debug|Any CPU
		{5EB1DF47-2F9A-189B-D20A-39EB9ABE8CFD}.Release|Any CPU.ActiveCfg = Release|Any CPU
		{5EB1DF47-2F9A-189B-D20A-39EB9ABE8CFD}.Release|Any CPU.Build.0 = Release|Any CPU
	EndGlobalSection
	GlobalSection(SolutionProperties) = preSolution
		HideSolutionNode = FALSE
	EndGlobalSection
	GlobalSection(MonoDevelopProperties) = preSolution
		StartupItem = Assembly-CSharp.csproj
	EndGlobalSection
EndGlobal
